
Microsoft Visual Studio Solution File, Format Version 12.00
# Visual Studio 2013
VisualStudioVersion = 12.0.31101.0
MinimumVisualStudioVersion = 10.0.40219.1
Project("{FAE04EC0-301F-11D3-BF4B-00C04F79EFBC}") = "TelephonyAutomation", "TelephonyAutomation\TelephonyAutomation.csproj", "{CCDFFAA1-BFA0-428F-97DB-C3AA7385FD8D}"
EndProject
Project("{FAE04EC0-301F-11D3-BF4B-00C04F79EFBC}") = "TestcasePackage", "TestcasePackage\TestcasePackage.csproj", "{77FE8B6E-D884-4F34-A969-56BEFAC35F0F}"
EndProject
Project("{FAE04EC0-301F-11D3-BF4B-00C04F79EFBC}") = "_8960Library", "_8960Library\_8960Library.csproj", "{6EA0AA7B-681F-4497-A568-BE50FE2E6BA9}"
EndProject
Project("{FAE04EC0-301F-11D3-BF4B-00C04F79EFBC}") = "AutomationTooling", "AutomationTooling\AutomationTooling.csproj", "{40C65EBD-E437-4F65-9897-6174583B1E74}"
EndProject
Project("{FAE04EC0-301F-11D3-BF4B-00C04F79EFBC}") = "AndroidLibrary", "..\..\..\dev.jerry_h.pc_tools\CSharp\AndroidLibrary\AndroidLibrary.csproj", "{34A61DD2-D1EF-4818-9C2D-E477343FDA29}"
EndProject
Project("{FAE04EC0-301F-11D3-BF4B-00C04F79EFBC}") = "CommonLibrary", "..\..\..\dev.jerry_h.pc_tools\CSharp\CommonLibrary\CommonLibrary.csproj", "{C750BB52-FC83-47E5-B02C-3CC69148A1B0}"
EndProject
Project("{FAE04EC0-301F-11D3-BF4B-00C04F79EFBC}") = "RobotframeworkTestGuide", "RobotframeworkTestGuide\RobotframeworkTestGuide.csproj", "{F79E72F3-E2F3-4C76-B9B7-D3CC26C5F397}"
EndProject
Project("{FAE04EC0-301F-11D3-BF4B-00C04F79EFBC}") = "WifiRoamingTest_LogParser", "WifiRoamingTest_LogParser\WifiRoamingTest_LogParser.csproj", "{7FD03144-D6DE-4D8C-B8C4-84CB87F5BF03}"
EndProject
Global
	GlobalSection(SolutionConfigurationPlatforms) = preSolution
		CD_ROM|Any CPU = CD_ROM|Any CPU
		CD_ROM|Mixed Platforms = CD_ROM|Mixed Platforms
		CD_ROM|x64 = CD_ROM|x64
		CD_ROM|x86 = CD_ROM|x86
		Debug|Any CPU = Debug|Any CPU
		Debug|Mixed Platforms = Debug|Mixed Platforms
		Debug|x64 = Debug|x64
		Debug|x86 = Debug|x86
		DVD-5|Any CPU = DVD-5|Any CPU
		DVD-5|Mixed Platforms = DVD-5|Mixed Platforms
		DVD-5|x64 = DVD-5|x64
		DVD-5|x86 = DVD-5|x86
		Release|Any CPU = Release|Any CPU
		Release|Mixed Platforms = Release|Mixed Platforms
		Release|x64 = Release|x64
		Release|x86 = Release|x86
		SingleImage|Any CPU = SingleImage|Any CPU
		SingleImage|Mixed Platforms = SingleImage|Mixed Platforms
		SingleImage|x64 = SingleImage|x64
		SingleImage|x86 = SingleImage|x86
	EndGlobalSection
	GlobalSection(ProjectConfigurationPlatforms) = postSolution
		{CCDFFAA1-BFA0-428F-97DB-C3AA7385FD8D}.CD_ROM|Any CPU.ActiveCfg = Release|x86
		{CCDFFAA1-BFA0-428F-97DB-C3AA7385FD8D}.CD_ROM|Mixed Platforms.ActiveCfg = Debug|x86
		{CCDFFAA1-BFA0-428F-97DB-C3AA7385FD8D}.CD_ROM|Mixed Platforms.Build.0 = Debug|x86
		{CCDFFAA1-BFA0-428F-97DB-C3AA7385FD8D}.CD_ROM|x64.ActiveCfg = Debug|x86
		{CCDFFAA1-BFA0-428F-97DB-C3AA7385FD8D}.CD_ROM|x86.ActiveCfg = Debug|x86
		{CCDFFAA1-BFA0-428F-97DB-C3AA7385FD8D}.Debug|Any CPU.ActiveCfg = Debug|x86
		{CCDFFAA1-BFA0-428F-97DB-C3AA7385FD8D}.Debug|Mixed Platforms.ActiveCfg = Debug|x86
		{CCDFFAA1-BFA0-428F-97DB-C3AA7385FD8D}.Debug|Mixed Platforms.Build.0 = Debug|x86
		{CCDFFAA1-BFA0-428F-97DB-C3AA7385FD8D}.Debug|x64.ActiveCfg = Debug|x86
		{CCDFFAA1-BFA0-428F-97DB-C3AA7385FD8D}.Debug|x86.ActiveCfg = Debug|x86
		{CCDFFAA1-BFA0-428F-97DB-C3AA7385FD8D}.DVD-5|Any CPU.ActiveCfg = Debug|x86
		{CCDFFAA1-BFA0-428F-97DB-C3AA7385FD8D}.DVD-5|Mixed Platforms.ActiveCfg = Debug|x86
		{CCDFFAA1-BFA0-428F-97DB-C3AA7385FD8D}.DVD-5|x64.ActiveCfg = Debug|x86
		{CCDFFAA1-BFA0-428F-97DB-C3AA7385FD8D}.DVD-5|x86.ActiveCfg = Debug|x86
		{CCDFFAA1-BFA0-428F-97DB-C3AA7385FD8D}.Release|Any CPU.ActiveCfg = Release|x86
		{CCDFFAA1-BFA0-428F-97DB-C3AA7385FD8D}.Release|Any CPU.Build.0 = Release|x86
		{CCDFFAA1-BFA0-428F-97DB-C3AA7385FD8D}.Release|Mixed Platforms.ActiveCfg = Release|x86
		{CCDFFAA1-BFA0-428F-97DB-C3AA7385FD8D}.Release|Mixed Platforms.Build.0 = Release|x86
		{CCDFFAA1-BFA0-428F-97DB-C3AA7385FD8D}.Release|x64.ActiveCfg = Release|x86
		{CCDFFAA1-BFA0-428F-97DB-C3AA7385FD8D}.Release|x64.Build.0 = Release|x86
		{CCDFFAA1-BFA0-428F-97DB-C3AA7385FD8D}.Release|x86.ActiveCfg = Release|x86
		{CCDFFAA1-BFA0-428F-97DB-C3AA7385FD8D}.Release|x86.Build.0 = Release|x86
		{CCDFFAA1-BFA0-428F-97DB-C3AA7385FD8D}.SingleImage|Any CPU.ActiveCfg = Debug|x86
		{CCDFFAA1-BFA0-428F-97DB-C3AA7385FD8D}.SingleImage|Mixed Platforms.ActiveCfg = Debug|x86
		{CCDFFAA1-BFA0-428F-97DB-C3AA7385FD8D}.SingleImage|x64.ActiveCfg = Debug|x86
		{CCDFFAA1-BFA0-428F-97DB-C3AA7385FD8D}.SingleImage|x86.ActiveCfg = Debug|x86
		{77FE8B6E-D884-4F34-A969-56BEFAC35F0F}.CD_ROM|Any CPU.ActiveCfg = Release|Any CPU
		{77FE8B6E-D884-4F34-A969-56BEFAC35F0F}.CD_ROM|Any CPU.Build.0 = Release|Any CPU
		{77FE8B6E-D884-4F34-A969-56BEFAC35F0F}.CD_ROM|Mixed Platforms.ActiveCfg = Debug|Any CPU
		{77FE8B6E-D884-4F34-A969-56BEFAC35F0F}.CD_ROM|Mixed Platforms.Build.0 = Debug|Any CPU
		{77FE8B6E-D884-4F34-A969-56BEFAC35F0F}.CD_ROM|x64.ActiveCfg = Debug|Any CPU
		{77FE8B6E-D884-4F34-A969-56BEFAC35F0F}.CD_ROM|x86.ActiveCfg = Debug|Any CPU
		{77FE8B6E-D884-4F34-A969-56BEFAC35F0F}.Debug|Any CPU.ActiveCfg = Debug|Any CPU
		{77FE8B6E-D884-4F34-A969-56BEFAC35F0F}.Debug|Any CPU.Build.0 = Debug|Any CPU
		{77FE8B6E-D884-4F34-A969-56BEFAC35F0F}.Debug|Mixed Platforms.ActiveCfg = Debug|Any CPU
		{77FE8B6E-D884-4F34-A969-56BEFAC35F0F}.Debug|Mixed Platforms.Build.0 = Debug|Any CPU
		{77FE8B6E-D884-4F34-A969-56BEFAC35F0F}.Debug|x64.ActiveCfg = Debug|Any CPU
		{77FE8B6E-D884-4F34-A969-56BEFAC35F0F}.Debug|x86.ActiveCfg = Debug|Any CPU
		{77FE8B6E-D884-4F34-A969-56BEFAC35F0F}.DVD-5|Any CPU.ActiveCfg = Debug|Any CPU
		{77FE8B6E-D884-4F34-A969-56BEFAC35F0F}.DVD-5|Mixed Platforms.ActiveCfg = Debug|Any CPU
		{77FE8B6E-D884-4F34-A969-56BEFAC35F0F}.DVD-5|x64.ActiveCfg = Debug|Any CPU
		{77FE8B6E-D884-4F34-A969-56BEFAC35F0F}.DVD-5|x86.ActiveCfg = Debug|Any CPU
		{77FE8B6E-D884-4F34-A969-56BEFAC35F0F}.Release|Any CPU.ActiveCfg = Release|Any CPU
		{77FE8B6E-D884-4F34-A969-56BEFAC35F0F}.Release|Any CPU.Build.0 = Release|Any CPU
		{77FE8B6E-D884-4F34-A969-56BEFAC35F0F}.Release|Mixed Platforms.ActiveCfg = Release|Any CPU
		{77FE8B6E-D884-4F34-A969-56BEFAC35F0F}.Release|Mixed Platforms.Build.0 = Release|Any CPU
		{77FE8B6E-D884-4F34-A969-56BEFAC35F0F}.Release|x64.ActiveCfg = Release|Any CPU
		{77FE8B6E-D884-4F34-A969-56BEFAC35F0F}.Release|x64.Build.0 = Release|Any CPU
		{77FE8B6E-D884-4F34-A969-56BEFAC35F0F}.Release|x86.ActiveCfg = Release|x86
		{77FE8B6E-D884-4F34-A969-56BEFAC35F0F}.Release|x86.Build.0 = Release|x86
		{77FE8B6E-D884-4F34-A969-56BEFAC35F0F}.SingleImage|Any CPU.ActiveCfg = Debug|Any CPU
		{77FE8B6E-D884-4F34-A969-56BEFAC35F0F}.SingleImage|Mixed Platforms.ActiveCfg = Debug|Any CPU
		{77FE8B6E-D884-4F34-A969-56BEFAC35F0F}.SingleImage|x64.ActiveCfg = Debug|Any CPU
		{77FE8B6E-D884-4F34-A969-56BEFAC35F0F}.SingleImage|x86.ActiveCfg = Debug|Any CPU
		{6EA0AA7B-681F-4497-A568-BE50FE2E6BA9}.CD_ROM|Any CPU.ActiveCfg = Release|Any CPU
		{6EA0AA7B-681F-4497-A568-BE50FE2E6BA9}.CD_ROM|Any CPU.Build.0 = Release|Any CPU
		{6EA0AA7B-681F-4497-A568-BE50FE2E6BA9}.CD_ROM|Mixed Platforms.ActiveCfg = Debug|Any CPU
		{6EA0AA7B-681F-4497-A568-BE50FE2E6BA9}.CD_ROM|Mixed Platforms.Build.0 = Debug|Any CPU
		{6EA0AA7B-681F-4497-A568-BE50FE2E6BA9}.CD_ROM|x64.ActiveCfg = Debug|Any CPU
		{6EA0AA7B-681F-4497-A568-BE50FE2E6BA9}.CD_ROM|x86.ActiveCfg = Debug|Any CPU
		{6EA0AA7B-681F-4497-A568-BE50FE2E6BA9}.Debug|Any CPU.ActiveCfg = Debug|Any CPU
		{6EA0AA7B-681F-4497-A568-BE50FE2E6BA9}.Debug|Any CPU.Build.0 = Debug|Any CPU
		{6EA0AA7B-681F-4497-A568-BE50FE2E6BA9}.Debug|Mixed Platforms.ActiveCfg = Debug|Any CPU
		{6EA0AA7B-681F-4497-A568-BE50FE2E6BA9}.Debug|Mixed Platforms.Build.0 = Debug|Any CPU
		{6EA0AA7B-681F-4497-A568-BE50FE2E6BA9}.Debug|x64.ActiveCfg = Debug|Any CPU
		{6EA0AA7B-681F-4497-A568-BE50FE2E6BA9}.Debug|x86.ActiveCfg = Debug|Any CPU
		{6EA0AA7B-681F-4497-A568-BE50FE2E6BA9}.DVD-5|Any CPU.ActiveCfg = Debug|Any CPU
		{6EA0AA7B-681F-4497-A568-BE50FE2E6BA9}.DVD-5|Mixed Platforms.ActiveCfg = Debug|Any CPU
		{6EA0AA7B-681F-4497-A568-BE50FE2E6BA9}.DVD-5|x64.ActiveCfg = Debug|Any CPU
		{6EA0AA7B-681F-4497-A568-BE50FE2E6BA9}.DVD-5|x86.ActiveCfg = Debug|Any CPU
		{6EA0AA7B-681F-4497-A568-BE50FE2E6BA9}.Release|Any CPU.ActiveCfg = Release|Any CPU
		{6EA0AA7B-681F-4497-A568-BE50FE2E6BA9}.Release|Any CPU.Build.0 = Release|Any CPU
		{6EA0AA7B-681F-4497-A568-BE50FE2E6BA9}.Release|Mixed Platforms.ActiveCfg = Release|Any CPU
		{6EA0AA7B-681F-4497-A568-BE50FE2E6BA9}.Release|Mixed Platforms.Build.0 = Release|Any CPU
		{6EA0AA7B-681F-4497-A568-BE50FE2E6BA9}.Release|x64.ActiveCfg = Release|Any CPU
		{6EA0AA7B-681F-4497-A568-BE50FE2E6BA9}.Release|x64.Build.0 = Release|Any CPU
		{6EA0AA7B-681F-4497-A568-BE50FE2E6BA9}.Release|x86.ActiveCfg = Release|x86
		{6EA0AA7B-681F-4497-A568-BE50FE2E6BA9}.Release|x86.Build.0 = Release|x86
		{6EA0AA7B-681F-4497-A568-BE50FE2E6BA9}.SingleImage|Any CPU.ActiveCfg = Debug|Any CPU
		{6EA0AA7B-681F-4497-A568-BE50FE2E6BA9}.SingleImage|Mixed Platforms.ActiveCfg = Debug|Any CPU
		{6EA0AA7B-681F-4497-A568-BE50FE2E6BA9}.SingleImage|x64.ActiveCfg = Debug|Any CPU
		{6EA0AA7B-681F-4497-A568-BE50FE2E6BA9}.SingleImage|x86.ActiveCfg = Debug|Any CPU
		{40C65EBD-E437-4F65-9897-6174583B1E74}.CD_ROM|Any CPU.ActiveCfg = Release|Any CPU
		{40C65EBD-E437-4F65-9897-6174583B1E74}.CD_ROM|Any CPU.Build.0 = Release|Any CPU
		{40C65EBD-E437-4F65-9897-6174583B1E74}.CD_ROM|Mixed Platforms.ActiveCfg = Debug|Any CPU
		{40C65EBD-E437-4F65-9897-6174583B1E74}.CD_ROM|Mixed Platforms.Build.0 = Debug|Any CPU
		{40C65EBD-E437-4F65-9897-6174583B1E74}.CD_ROM|x64.ActiveCfg = Debug|Any CPU
		{40C65EBD-E437-4F65-9897-6174583B1E74}.CD_ROM|x86.ActiveCfg = Debug|Any CPU
		{40C65EBD-E437-4F65-9897-6174583B1E74}.Debug|Any CPU.ActiveCfg = Debug|Any CPU
		{40C65EBD-E437-4F65-9897-6174583B1E74}.Debug|Any CPU.Build.0 = Debug|Any CPU
		{40C65EBD-E437-4F65-9897-6174583B1E74}.Debug|Mixed Platforms.ActiveCfg = Debug|Any CPU
		{40C65EBD-E437-4F65-9897-6174583B1E74}.Debug|Mixed Platforms.Build.0 = Debug|Any CPU
		{40C65EBD-E437-4F65-9897-6174583B1E74}.Debug|x64.ActiveCfg = Debug|Any CPU
		{40C65EBD-E437-4F65-9897-6174583B1E74}.Debug|x86.ActiveCfg = Debug|Any CPU
		{40C65EBD-E437-4F65-9897-6174583B1E74}.DVD-5|Any CPU.ActiveCfg = Debug|Any CPU
		{40C65EBD-E437-4F65-9897-6174583B1E74}.DVD-5|Mixed Platforms.ActiveCfg = Debug|Any CPU
		{40C65EBD-E437-4F65-9897-6174583B1E74}.DVD-5|x64.ActiveCfg = Debug|Any CPU
		{40C65EBD-E437-4F65-9897-6174583B1E74}.DVD-5|x86.ActiveCfg = Debug|Any CPU
		{40C65EBD-E437-4F65-9897-6174583B1E74}.Release|Any CPU.ActiveCfg = Release|Any CPU
		{40C65EBD-E437-4F65-9897-6174583B1E74}.Release|Any CPU.Build.0 = Release|Any CPU
		{40C65EBD-E437-4F65-9897-6174583B1E74}.Release|Mixed Platforms.ActiveCfg = Release|Any CPU
		{40C65EBD-E437-4F65-9897-6174583B1E74}.Release|Mixed Platforms.Build.0 = Release|Any CPU
		{40C65EBD-E437-4F65-9897-6174583B1E74}.Release|x64.ActiveCfg = Release|Any CPU
		{40C65EBD-E437-4F65-9897-6174583B1E74}.Release|x64.Build.0 = Release|Any CPU
		{40C65EBD-E437-4F65-9897-6174583B1E74}.Release|x86.ActiveCfg = Release|x86
		{40C65EBD-E437-4F65-9897-6174583B1E74}.Release|x86.Build.0 = Release|x86
		{40C65EBD-E437-4F65-9897-6174583B1E74}.SingleImage|Any CPU.ActiveCfg = Debug|Any CPU
		{40C65EBD-E437-4F65-9897-6174583B1E74}.SingleImage|Mixed Platforms.ActiveCfg = Debug|Any CPU
		{40C65EBD-E437-4F65-9897-6174583B1E74}.SingleImage|x64.ActiveCfg = Debug|Any CPU
		{40C65EBD-E437-4F65-9897-6174583B1E74}.SingleImage|x86.ActiveCfg = Debug|Any CPU
		{34A61DD2-D1EF-4818-9C2D-E477343FDA29}.CD_ROM|Any CPU.ActiveCfg = Release|Any CPU
		{34A61DD2-D1EF-4818-9C2D-E477343FDA29}.CD_ROM|Any CPU.Build.0 = Release|Any CPU
		{34A61DD2-D1EF-4818-9C2D-E477343FDA29}.CD_ROM|Mixed Platforms.ActiveCfg = Debug|Any CPU
		{34A61DD2-D1EF-4818-9C2D-E477343FDA29}.CD_ROM|Mixed Platforms.Build.0 = Debug|Any CPU
		{34A61DD2-D1EF-4818-9C2D-E477343FDA29}.CD_ROM|x64.ActiveCfg = Debug|Any CPU
		{34A61DD2-D1EF-4818-9C2D-E477343FDA29}.CD_ROM|x86.ActiveCfg = Debug|Any CPU
		{34A61DD2-D1EF-4818-9C2D-E477343FDA29}.Debug|Any CPU.ActiveCfg = Debug|Any CPU
		{34A61DD2-D1EF-4818-9C2D-E477343FDA29}.Debug|Any CPU.Build.0 = Debug|Any CPU
		{34A61DD2-D1EF-4818-9C2D-E477343FDA29}.Debug|Mixed Platforms.ActiveCfg = Debug|Any CPU
		{34A61DD2-D1EF-4818-9C2D-E477343FDA29}.Debug|Mixed Platforms.Build.0 = Debug|Any CPU
		{34A61DD2-D1EF-4818-9C2D-E477343FDA29}.Debug|x64.ActiveCfg = Debug|Any CPU
		{34A61DD2-D1EF-4818-9C2D-E477343FDA29}.Debug|x86.ActiveCfg = Debug|Any CPU
		{34A61DD2-D1EF-4818-9C2D-E477343FDA29}.DVD-5|Any CPU.ActiveCfg = Debug|Any CPU
		{34A61DD2-D1EF-4818-9C2D-E477343FDA29}.DVD-5|Mixed Platforms.ActiveCfg = Debug|Any CPU
		{34A61DD2-D1EF-4818-9C2D-E477343FDA29}.DVD-5|x64.ActiveCfg = Debug|Any CPU
		{34A61DD2-D1EF-4818-9C2D-E477343FDA29}.DVD-5|x86.ActiveCfg = Debug|Any CPU
		{34A61DD2-D1EF-4818-9C2D-E477343FDA29}.Release|Any CPU.ActiveCfg = Release|Any CPU
		{34A61DD2-D1EF-4818-9C2D-E477343FDA29}.Release|Any CPU.Build.0 = Release|Any CPU
		{34A61DD2-D1EF-4818-9C2D-E477343FDA29}.Release|Mixed Platforms.ActiveCfg = Release|Any CPU
		{34A61DD2-D1EF-4818-9C2D-E477343FDA29}.Release|Mixed Platforms.Build.0 = Release|Any CPU
		{34A61DD2-D1EF-4818-9C2D-E477343FDA29}.Release|x64.ActiveCfg = Release|Any CPU
		{34A61DD2-D1EF-4818-9C2D-E477343FDA29}.Release|x64.Build.0 = Release|Any CPU
		{34A61DD2-D1EF-4818-9C2D-E477343FDA29}.Release|x86.ActiveCfg = Release|x86
		{34A61DD2-D1EF-4818-9C2D-E477343FDA29}.Release|x86.Build.0 = Release|x86
		{34A61DD2-D1EF-4818-9C2D-E477343FDA29}.SingleImage|Any CPU.ActiveCfg = Debug|Any CPU
		{34A61DD2-D1EF-4818-9C2D-E477343FDA29}.SingleImage|Mixed Platforms.ActiveCfg = Debug|Any CPU
		{34A61DD2-D1EF-4818-9C2D-E477343FDA29}.SingleImage|x64.ActiveCfg = Debug|Any CPU
		{34A61DD2-D1EF-4818-9C2D-E477343FDA29}.SingleImage|x86.ActiveCfg = Debug|Any CPU
		{C750BB52-FC83-47E5-B02C-3CC69148A1B0}.CD_ROM|Any CPU.ActiveCfg = Release|Any CPU
		{C750BB52-FC83-47E5-B02C-3CC69148A1B0}.CD_ROM|Any CPU.Build.0 = Release|Any CPU
		{C750BB52-FC83-47E5-B02C-3CC69148A1B0}.CD_ROM|Mixed Platforms.ActiveCfg = Debug|Any CPU
		{C750BB52-FC83-47E5-B02C-3CC69148A1B0}.CD_ROM|Mixed Platforms.Build.0 = Debug|Any CPU
		{C750BB52-FC83-47E5-B02C-3CC69148A1B0}.CD_ROM|x64.ActiveCfg = Debug|Any CPU
		{C750BB52-FC83-47E5-B02C-3CC69148A1B0}.CD_ROM|x86.ActiveCfg = Debug|Any CPU
		{C750BB52-FC83-47E5-B02C-3CC69148A1B0}.Debug|Any CPU.ActiveCfg = Debug|Any CPU
		{C750BB52-FC83-47E5-B02C-3CC69148A1B0}.Debug|Any CPU.Build.0 = Debug|Any CPU
		{C750BB52-FC83-47E5-B02C-3CC69148A1B0}.Debug|Mixed Platforms.ActiveCfg = Debug|Any CPU
		{C750BB52-FC83-47E5-B02C-3CC69148A1B0}.Debug|Mixed Platforms.Build.0 = Debug|Any CPU
		{C750BB52-FC83-47E5-B02C-3CC69148A1B0}.Debug|x64.ActiveCfg = Debug|Any CPU
		{C750BB52-FC83-47E5-B02C-3CC69148A1B0}.Debug|x86.ActiveCfg = Debug|Any CPU
		{C750BB52-FC83-47E5-B02C-3CC69148A1B0}.DVD-5|Any CPU.ActiveCfg = Debug|Any CPU
		{C750BB52-FC83-47E5-B02C-3CC69148A1B0}.DVD-5|Mixed Platforms.ActiveCfg = Debug|Any CPU
		{C750BB52-FC83-47E5-B02C-3CC69148A1B0}.DVD-5|x64.ActiveCfg = Debug|Any CPU
		{C750BB52-FC83-47E5-B02C-3CC69148A1B0}.DVD-5|x86.ActiveCfg = Debug|Any CPU
		{C750BB52-FC83-47E5-B02C-3CC69148A1B0}.Release|Any CPU.ActiveCfg = Release|Any CPU
		{C750BB52-FC83-47E5-B02C-3CC69148A1B0}.Release|Any CPU.Build.0 = Release|Any CPU
		{C750BB52-FC83-47E5-B02C-3CC69148A1B0}.Release|Mixed Platforms.ActiveCfg = Release|Any CPU
		{C750BB52-FC83-47E5-B02C-3CC69148A1B0}.Release|Mixed Platforms.Build.0 = Release|Any CPU
		{C750BB52-FC83-47E5-B02C-3CC69148A1B0}.Release|x64.ActiveCfg = Release|Any CPU
		{C750BB52-FC83-47E5-B02C-3CC69148A1B0}.Release|x64.Build.0 = Release|Any CPU
		{C750BB52-FC83-47E5-B02C-3CC69148A1B0}.Release|x86.ActiveCfg = Release|x86
		{C750BB52-FC83-47E5-B02C-3CC69148A1B0}.Release|x86.Build.0 = Release|x86
		{C750BB52-FC83-47E5-B02C-3CC69148A1B0}.SingleImage|Any CPU.ActiveCfg = Debug|Any CPU
		{C750BB52-FC83-47E5-B02C-3CC69148A1B0}.SingleImage|Mixed Platforms.ActiveCfg = Debug|Any CPU
		{C750BB52-FC83-47E5-B02C-3CC69148A1B0}.SingleImage|x64.ActiveCfg = Debug|Any CPU
		{C750BB52-FC83-47E5-B02C-3CC69148A1B0}.SingleImage|x86.ActiveCfg = Debug|Any CPU
		{F79E72F3-E2F3-4C76-B9B7-D3CC26C5F397}.CD_ROM|Any CPU.ActiveCfg = Release|Any CPU
		{F79E72F3-E2F3-4C76-B9B7-D3CC26C5F397}.CD_ROM|Any CPU.Build.0 = Release|Any CPU
		{F79E72F3-E2F3-4C76-B9B7-D3CC26C5F397}.CD_ROM|Mixed Platforms.ActiveCfg = Debug|Any CPU
		{F79E72F3-E2F3-4C76-B9B7-D3CC26C5F397}.CD_ROM|Mixed Platforms.Build.0 = Debug|Any CPU
		{F79E72F3-E2F3-4C76-B9B7-D3CC26C5F397}.CD_ROM|x64.ActiveCfg = Release|x64
		{F79E72F3-E2F3-4C76-B9B7-D3CC26C5F397}.CD_ROM|x64.Build.0 = Release|x64
		{F79E72F3-E2F3-4C76-B9B7-D3CC26C5F397}.CD_ROM|x86.ActiveCfg = Debug|Any CPU
		{F79E72F3-E2F3-4C76-B9B7-D3CC26C5F397}.Debug|Any CPU.ActiveCfg = Debug|Any CPU
		{F79E72F3-E2F3-4C76-B9B7-D3CC26C5F397}.Debug|Any CPU.Build.0 = Debug|Any CPU
		{F79E72F3-E2F3-4C76-B9B7-D3CC26C5F397}.Debug|Mixed Platforms.ActiveCfg = Debug|Any CPU
		{F79E72F3-E2F3-4C76-B9B7-D3CC26C5F397}.Debug|Mixed Platforms.Build.0 = Debug|Any CPU
		{F79E72F3-E2F3-4C76-B9B7-D3CC26C5F397}.Debug|x64.ActiveCfg = Debug|x64
		{F79E72F3-E2F3-4C76-B9B7-D3CC26C5F397}.Debug|x64.Build.0 = Debug|x64
		{F79E72F3-E2F3-4C76-B9B7-D3CC26C5F397}.Debug|x86.ActiveCfg = Debug|Any CPU
		{F79E72F3-E2F3-4C76-B9B7-D3CC26C5F397}.DVD-5|Any CPU.ActiveCfg = Debug|Any CPU
		{F79E72F3-E2F3-4C76-B9B7-D3CC26C5F397}.DVD-5|Mixed Platforms.ActiveCfg = Debug|Any CPU
		{F79E72F3-E2F3-4C76-B9B7-D3CC26C5F397}.DVD-5|x64.ActiveCfg = Debug|x64
		{F79E72F3-E2F3-4C76-B9B7-D3CC26C5F397}.DVD-5|x64.Build.0 = Debug|x64
		{F79E72F3-E2F3-4C76-B9B7-D3CC26C5F397}.DVD-5|x86.ActiveCfg = Debug|Any CPU
		{F79E72F3-E2F3-4C76-B9B7-D3CC26C5F397}.Release|Any CPU.ActiveCfg = Release|Any CPU
		{F79E72F3-E2F3-4C76-B9B7-D3CC26C5F397}.Release|Any CPU.Build.0 = Release|Any CPU
		{F79E72F3-E2F3-4C76-B9B7-D3CC26C5F397}.Release|Mixed Platforms.ActiveCfg = Release|Any CPU
		{F79E72F3-E2F3-4C76-B9B7-D3CC26C5F397}.Release|Mixed Platforms.Build.0 = Release|Any CPU
		{F79E72F3-E2F3-4C76-B9B7-D3CC26C5F397}.Release|x64.ActiveCfg = Release|Any CPU
		{F79E72F3-E2F3-4C76-B9B7-D3CC26C5F397}.Release|x64.Build.0 = Release|Any CPU
		{F79E72F3-E2F3-4C76-B9B7-D3CC26C5F397}.Release|x86.ActiveCfg = Release|x86
		{F79E72F3-E2F3-4C76-B9B7-D3CC26C5F397}.Release|x86.Build.0 = Release|x86
		{F79E72F3-E2F3-4C76-B9B7-D3CC26C5F397}.SingleImage|Any CPU.ActiveCfg = Debug|Any CPU
		{F79E72F3-E2F3-4C76-B9B7-D3CC26C5F397}.SingleImage|Mixed Platforms.ActiveCfg = Debug|Any CPU
		{F79E72F3-E2F3-4C76-B9B7-D3CC26C5F397}.SingleImage|x64.ActiveCfg = Release|x64
		{F79E72F3-E2F3-4C76-B9B7-D3CC26C5F397}.SingleImage|x64.Build.0 = Release|x64
		{F79E72F3-E2F3-4C76-B9B7-D3CC26C5F397}.SingleImage|x86.ActiveCfg = Debug|Any CPU
		{7FD03144-D6DE-4D8C-B8C4-84CB87F5BF03}.CD_ROM|Any CPU.ActiveCfg = Release|Any CPU
		{7FD03144-D6DE-4D8C-B8C4-84CB87F5BF03}.CD_ROM|Any CPU.Build.0 = Release|Any CPU
		{7FD03144-D6DE-4D8C-B8C4-84CB87F5BF03}.CD_ROM|Mixed Platforms.ActiveCfg = Release|Any CPU
		{7FD03144-D6DE-4D8C-B8C4-84CB87F5BF03}.CD_ROM|Mixed Platforms.Build.0 = Release|Any CPU
		{7FD03144-D6DE-4D8C-B8C4-84CB87F5BF03}.CD_ROM|x64.ActiveCfg = Release|Any CPU
		{7FD03144-D6DE-4D8C-B8C4-84CB87F5BF03}.CD_ROM|x86.ActiveCfg = Release|Any CPU
		{7FD03144-D6DE-4D8C-B8C4-84CB87F5BF03}.Debug|Any CPU.ActiveCfg = Debug|Any CPU
		{7FD03144-D6DE-4D8C-B8C4-84CB87F5BF03}.Debug|Any CPU.Build.0 = Debug|Any CPU
		{7FD03144-D6DE-4D8C-B8C4-84CB87F5BF03}.Debug|Mixed Platforms.ActiveCfg = Debug|Any CPU
		{7FD03144-D6DE-4D8C-B8C4-84CB87F5BF03}.Debug|Mixed Platforms.Build.0 = Debug|Any CPU
		{7FD03144-D6DE-4D8C-B8C4-84CB87F5BF03}.Debug|x64.ActiveCfg = Debug|Any CPU
		{7FD03144-D6DE-4D8C-B8C4-84CB87F5BF03}.Debug|x86.ActiveCfg = Debug|Any CPU
		{7FD03144-D6DE-4D8C-B8C4-84CB87F5BF03}.DVD-5|Any CPU.ActiveCfg = Debug|Any CPU
		{7FD03144-D6DE-4D8C-B8C4-84CB87F5BF03}.DVD-5|Any CPU.Build.0 = Debug|Any CPU
		{7FD03144-D6DE-4D8C-B8C4-84CB87F5BF03}.DVD-5|Mixed Platforms.ActiveCfg = Debug|Any CPU
		{7FD03144-D6DE-4D8C-B8C4-84CB87F5BF03}.DVD-5|Mixed Platforms.Build.0 = Debug|Any CPU
		{7FD03144-D6DE-4D8C-B8C4-84CB87F5BF03}.DVD-5|x64.ActiveCfg = Debug|Any CPU
		{7FD03144-D6DE-4D8C-B8C4-84CB87F5BF03}.DVD-5|x86.ActiveCfg = Debug|Any CPU
		{7FD03144-D6DE-4D8C-B8C4-84CB87F5BF03}.Release|Any CPU.ActiveCfg = Release|Any CPU
		{7FD03144-D6DE-4D8C-B8C4-84CB87F5BF03}.Release|Any CPU.Build.0 = Release|Any CPU
		{7FD03144-D6DE-4D8C-B8C4-84CB87F5BF03}.Release|Mixed Platforms.ActiveCfg = Release|Any CPU
		{7FD03144-D6DE-4D8C-B8C4-84CB87F5BF03}.Release|Mixed Platforms.Build.0 = Release|Any CPU
		{7FD03144-D6DE-4D8C-B8C4-84CB87F5BF03}.Release|x64.ActiveCfg = Release|Any CPU
		{7FD03144-D6DE-4D8C-B8C4-84CB87F5BF03}.Release|x86.ActiveCfg = Release|Any CPU
		{7FD03144-D6DE-4D8C-B8C4-84CB87F5BF03}.SingleImage|Any CPU.ActiveCfg = Release|Any CPU
		{7FD03144-D6DE-4D8C-B8C4-84CB87F5BF03}.SingleImage|Any CPU.Build.0 = Release|Any CPU
		{7FD03144-D6DE-4D8C-B8C4-84CB87F5BF03}.SingleImage|Mixed Platforms.ActiveCfg = Release|Any CPU
		{7FD03144-D6DE-4D8C-B8C4-84CB87F5BF03}.SingleImage|Mixed Platforms.Build.0 = Release|Any CPU
		{7FD03144-D6DE-4D8C-B8C4-84CB87F5BF03}.SingleImage|x64.ActiveCfg = Release|Any CPU
		{7FD03144-D6DE-4D8C-B8C4-84CB87F5BF03}.SingleImage|x86.ActiveCfg = Release|Any CPU
	EndGlobalSection
	GlobalSection(SolutionProperties) = preSolution
		HideSolutionNode = FALSE
	EndGlobalSection
EndGlobal
